// !$*UTF8*$!
{
	archiveVersion = 1;
	classes = {
	};
	objectVersion = 48;
	objects = {

/* Begin PBXBuildFile section */
		3C5AE1631F6CCCA1002DDC4D /* AppDelegate.swift in Sources */ = {isa = PBXBuildFile; fileRef = 3C5AE1621F6CCCA1002DDC4D /* AppDelegate.swift */; };
		3C5AE1651F6CCCA1002DDC4D /* ViewController.swift in Sources */ = {isa = PBXBuildFile; fileRef = 3C5AE1641F6CCCA1002DDC4D /* ViewController.swift */; };
		3C5AE1681F6CCCA1002DDC4D /* Main.storyboard in Resources */ = {isa = PBXBuildFile; fileRef = 3C5AE1661F6CCCA1002DDC4D /* Main.storyboard */; };
		3C5AE16A1F6CCCA1002DDC4D /* Assets.xcassets in Resources */ = {isa = PBXBuildFile; fileRef = 3C5AE1691F6CCCA1002DDC4D /* Assets.xcassets */; };
		3C5AE16D1F6CCCA1002DDC4D /* LaunchScreen.storyboard in Resources */ = {isa = PBXBuildFile; fileRef = 3C5AE16B1F6CCCA1002DDC4D /* LaunchScreen.storyboard */; };
		3C71E5CE1F779F570031DC76 /* mapmineTests.swift in Sources */ = {isa = PBXBuildFile; fileRef = 3C71E5CD1F779F570031DC76 /* mapmineTests.swift */; };
/* End PBXBuildFile section */

/* Begin PBXContainerItemProxy section */
		3C71E5D01F779F570031DC76 /* PBXContainerItemProxy */ = {
			isa = PBXContainerItemProxy;
			containerPortal = 3C5AE1571F6CCCA1002DDC4D /* Project object */;
			proxyType = 1;
			remoteGlobalIDString = 3C5AE15E1F6CCCA1002DDC4D;
			remoteInfo = mapmine;
		};
/* End PBXContainerItemProxy section */

/* Begin PBXFileReference section */
		3C5AE15F1F6CCCA1002DDC4D /* mapmine.app */ = {isa = PBXFileReference; explicitFileType = wrapper.application; includeInIndex = 0; path = mapmine.app; sourceTree = BUILT_PRODUCTS_DIR; };
		3C5AE1621F6CCCA1002DDC4D /* AppDelegate.swift */ = {isa = PBXFileReference; lastKnownFileType = sourcecode.swift; path = AppDelegate.swift; sourceTree = "<group>"; };
		3C5AE1641F6CCCA1002DDC4D /* ViewController.swift */ = {isa = PBXFileReference; lastKnownFileType = sourcecode.swift; path = ViewController.swift; sourceTree = "<group>"; };
		3C5AE1671F6CCCA1002DDC4D /* Base */ = {isa = PBXFileReference; lastKnownFileType = file.storyboard; name = Base; path = Base.lproj/Main.storyboard; sourceTree = "<group>"; };
		3C5AE1691F6CCCA1002DDC4D /* Assets.xcassets */ = {isa = PBXFileReference; lastKnownFileType = folder.assetcatalog; path = Assets.xcassets; sourceTree = "<group>"; };
		3C5AE16C1F6CCCA1002DDC4D /* Base */ = {isa = PBXFileReference; lastKnownFileType = file.storyboard; name = Base; path = Base.lproj/LaunchScreen.storyboard; sourceTree = "<group>"; };
		3C5AE16E1F6CCCA1002DDC4D /* Info.plist */ = {isa = PBXFileReference; lastKnownFileType = text.plist.xml; path = Info.plist; sourceTree = "<group>"; };
		3C71E5CB1F779F570031DC76 /* mapmineTests.xctest */ = {isa = PBXFileReference; explicitFileType = wrapper.cfbundle; includeInIndex = 0; path = mapmineTests.xctest; sourceTree = BUILT_PRODUCTS_DIR; };
		3C71E5CD1F779F570031DC76 /* mapmineTests.swift */ = {isa = PBXFileReference; lastKnownFileType = sourcecode.swift; path = mapmineTests.swift; sourceTree = "<group>"; };
		3C71E5CF1F779F570031DC76 /* Info.plist */ = {isa = PBXFileReference; lastKnownFileType = text.plist.xml; path = Info.plist; sourceTree = "<group>"; };
/* End PBXFileReference section */

/* Begin PBXFrameworksBuildPhase section */
		3C5AE15C1F6CCCA1002DDC4D /* Frameworks */ = {
			isa = PBXFrameworksBuildPhase;
			buildActionMask = 2147483647;
			files = (
			);
			runOnlyForDeploymentPostprocessing = 0;
		};
		3C71E5C81F779F570031DC76 /* Frameworks */ = {
			isa = PBXFrameworksBuildPhase;
			buildActionMask = 2147483647;
			files = (
			);
			runOnlyForDeploymentPostprocessing = 0;
		};
/* End PBXFrameworksBuildPhase section */

/* Begin PBXGroup section */
		3C5AE1561F6CCCA1002DDC4D = {
			isa = PBXGroup;
			children = (
				3C5AE1611F6CCCA1002DDC4D /* mapmine */,
				3C71E5CC1F779F570031DC76 /* mapmineTests */,
				3C5AE1601F6CCCA1002DDC4D /* Products */,
			);
			sourceTree = "<group>";
		};
		3C5AE1601F6CCCA1002DDC4D /* Products */ = {
			isa = PBXGroup;
			children = (
				3C5AE15F1F6CCCA1002DDC4D /* mapmine.app */,
				3C71E5CB1F779F570031DC76 /* mapmineTests.xctest */,
			);
			name = Products;
			sourceTree = "<group>";
		};
		3C5AE1611F6CCCA1002DDC4D /* mapmine */ = {
			isa = PBXGroup;
			children = (
				3C5AE1621F6CCCA1002DDC4D /* AppDelegate.swift */,
				3C5AE1641F6CCCA1002DDC4D /* ViewController.swift */,
				3C5AE1661F6CCCA1002DDC4D /* Main.storyboard */,
				3C5AE1691F6CCCA1002DDC4D /* Assets.xcassets */,
				3C5AE16B1F6CCCA1002DDC4D /* LaunchScreen.storyboard */,
				3C5AE16E1F6CCCA1002DDC4D /* Info.plist */,
			);
			path = mapmine;
			sourceTree = "<group>";
		};
		3C71E5CC1F779F570031DC76 /* mapmineTests */ = {
			isa = PBXGroup;
			children = (
				3C71E5CD1F779F570031DC76 /* mapmineTests.swift */,
				3C71E5CF1F779F570031DC76 /* Info.plist */,
			);
			path = mapmineTests;
			sourceTree = "<group>";
		};
/* End PBXGroup section */

/* Begin PBXNativeTarget section */
		3C5AE15E1F6CCCA1002DDC4D /* mapmine */ = {
			isa = PBXNativeTarget;
			buildConfigurationList = 3C5AE1711F6CCCA1002DDC4D /* Build configuration list for PBXNativeTarget "mapmine" */;
			buildPhases = (
				3C5AE15B1F6CCCA1002DDC4D /* Sources */,
				3C5AE15C1F6CCCA1002DDC4D /* Frameworks */,
				3C5AE15D1F6CCCA1002DDC4D /* Resources */,
			);
			buildRules = (
			);
			dependencies = (
			);
			name = mapmine;
			productName = mapmine;
			productReference = 3C5AE15F1F6CCCA1002DDC4D /* mapmine.app */;
			productType = "com.apple.product-type.application";
		};
		3C71E5CA1F779F570031DC76 /* mapmineTests */ = {
			isa = PBXNativeTarget;
			buildConfigurationList = 3C71E5D41F779F570031DC76 /* Build configuration list for PBXNativeTarget "mapmineTests" */;
			buildPhases = (
				3C71E5C71F779F570031DC76 /* Sources */,
				3C71E5C81F779F570031DC76 /* Frameworks */,
				3C71E5C91F779F570031DC76 /* Resources */,
			);
			buildRules = (
			);
			dependencies = (
				3C71E5D11F779F570031DC76 /* PBXTargetDependency */,
			);
			name = mapmineTests;
			productName = mapmineTests;
			productReference = 3C71E5CB1F779F570031DC76 /* mapmineTests.xctest */;
			productType = "com.apple.product-type.bundle.unit-test";
		};
/* End PBXNativeTarget section */

/* Begin PBXProject section */
		3C5AE1571F6CCCA1002DDC4D /* Project object */ = {
			isa = PBXProject;
			attributes = {
				LastSwiftUpdateCheck = 0900;
				LastUpgradeCheck = 0900;
				ORGANIZATIONNAME = zhi;
				TargetAttributes = {
					3C5AE15E1F6CCCA1002DDC4D = {
						CreatedOnToolsVersion = 9.0;
						ProvisioningStyle = Automatic;
					};
					3C71E5CA1F779F570031DC76 = {
						CreatedOnToolsVersion = 9.0;
						ProvisioningStyle = Automatic;
						TestTargetID = 3C5AE15E1F6CCCA1002DDC4D;
					};
				};
			};
			buildConfigurationList = 3C5AE15A1F6CCCA1002DDC4D /* Build configuration list for PBXProject "mapmine" */;
			compatibilityVersion = "Xcode 8.0";
			developmentRegion = en;
			hasScannedForEncodings = 0;
			knownRegions = (
				en,
				Base,
			);
			mainGroup = 3C5AE1561F6CCCA1002DDC4D;
			productRefGroup = 3C5AE1601F6CCCA1002DDC4D /* Products */;
			projectDirPath = "";
			projectRoot = "";
			targets = (
				3C5AE15E1F6CCCA1002DDC4D /* mapmine */,
				3C71E5CA1F779F570031DC76 /* mapmineTests */,
			);
		};
/* End PBXProject section */

/* Begin PBXResourcesBuildPhase section */
		3C5AE15D1F6CCCA1002DDC4D /* Resources */ = {
			isa = PBXResourcesBuildPhase;
			buildActionMask = 2147483647;
			files = (
				3C5AE16D1F6CCCA1002DDC4D /* LaunchScreen.storyboard in Resources */,
				3C5AE16A1F6CCCA1002DDC4D /* Assets.xcassets in Resources */,
				3C5AE1681F6CCCA1002DDC4D /* Main.storyboard in Resources */,
			);
			runOnlyForDeploymentPostprocessing = 0;
		};
		3C71E5C91F779F570031DC76 /* Resources */ = {
			isa = PBXResourcesBuildPhase;
			buildActionMask = 2147483647;
			files = (
			);
			runOnlyForDeploymentPostprocessing = 0;
		};
/* End PBXResourcesBuildPhase section */

/* Begin PBXSourcesBuildPhase section */
		3C5AE15B1F6CCCA1002DDC4D /* Sources */ = {
			isa = PBXSourcesBuildPhase;
			buildActionMask = 2147483647;
			files = (
				3C5AE1651F6CCCA1002DDC4D /* ViewController.swift in Sources */,
				3C5AE1631F6CCCA1002DDC4D /* AppDelegate.swift in Sources */,
			);
			runOnlyForDeploymentPostprocessing = 0;
		};
		3C71E5C71F779F570031DC76 /* Sources */ = {
			isa = PBXSourcesBuildPhase;
			buildActionMask = 2147483647;
			files = (
				3C71E5CE1F779F570031DC76 /* mapmineTests.swift in Sources */,
			);
			runOnlyForDeploymentPostprocessing = 0;
		};
/* End PBXSourcesBuildPhase section */

/* Begin PBXTargetDependency section */
		3C71E5D11F779F570031DC76 /* PBXTargetDependency */ = {
			isa = PBXTargetDependency;
			target = 3C5AE15E1F6CCCA1002DDC4D /* mapmine */;
			targetProxy = 3C71E5D01F779F570031DC76 /* PBXContainerItemProxy */;
		};
/* End PBXTargetDependency section */

/* Begin PBXVariantGroup section */
		3C5AE1661F6CCCA1002DDC4D /* Main.storyboard */ = {
			isa = PBXVariantGroup;
			children = (
				3C5AE1671F6CCCA1002DDC4D /* Base */,
			);
			name = Main.storyboard;
			sourceTree = "<group>";
		};
		3C5AE16B1F6CCCA1002DDC4D /* LaunchScreen.storyboard */ = {
			isa = PBXVariantGroup;
			children = (
				3C5AE16C1F6CCCA1002DDC4D /* Base */,
			);
			name = LaunchScreen.storyboard;
			sourceTree = "<group>";
		};
/* End PBXVariantGroup section */

/* Begin XCBuildConfiguration section */
		3C5AE16F1F6CCCA1002DDC4D /* Debug */ = {
			isa = XCBuildConfiguration;
			buildSettings = {
				ALWAYS_SEARCH_USER_PATHS = NO;
				CLANG_ANALYZER_NONNULL = YES;
				CLANG_ANALYZER_NUMBER_OBJECT_CONVERSION = YES_AGGRESSIVE;
				CLANG_CXX_LANGUAGE_STANDARD = "gnu++14";
				CLANG_CXX_LIBRARY = "libc++";
				CLANG_ENABLE_MODULES = YES;
				CLANG_ENABLE_OBJC_ARC = YES;
				CLANG_WARN_BLOCK_CAPTURE_AUTORELEASING = YES;
				CLANG_WARN_BOOL_CONVERSION = YES;
				CLANG_WARN_COMMA = YES;
				CLANG_WARN_CONSTANT_CONVERSION = YES;
				CLANG_WARN_DIRECT_OBJC_ISA_USAGE = YES_ERROR;
				CLANG_WARN_DOCUMENTATION_COMMENTS = YES;
				CLANG_WARN_EMPTY_BODY = YES;
				CLANG_WARN_ENUM_CONVERSION = YES;
				CLANG_WARN_INFINITE_RECURSION = YES;
				CLANG_WARN_INT_CONVERSION = YES;
				CLANG_WARN_NON_LITERAL_NULL_CONVERSION = YES;
				CLANG_WARN_OBJC_LITERAL_CONVERSION = YES;
				CLANG_WARN_OBJC_ROOT_CLASS = YES_ERROR;
				CLANG_WARN_RANGE_LOOP_ANALYSIS = YES;
				CLANG_WARN_STRICT_PROTOTYPES = YES;
				CLANG_WARN_SUSPICIOUS_MOVE = YES;
				CLANG_WARN_UNGUARDED_AVAILABILITY = YES_AGGRESSIVE;
				CLANG_WARN_UNREACHABLE_CODE = YES;
				CLANG_WARN__DUPLICATE_METHOD_MATCH = YES;
				CODE_SIGN_IDENTITY = "iPhone Developer";
				COPY_PHASE_STRIP = NO;
				DEBUG_INFORMATION_FORMAT = dwarf;
				ENABLE_STRICT_OBJC_MSGSEND = YES;
				ENABLE_TESTABILITY = YES;
				GCC_C_LANGUAGE_STANDARD = gnu11;
				GCC_DYNAMIC_NO_PIC = NO;
				GCC_NO_COMMON_BLOCKS = YES;
				GCC_OPTIMIZATION_LEVEL = 0;
				GCC_PREPROCESSOR_DEFINITIONS = (
					"DEBUG=1",
					"$(inherited)",
				);
				GCC_WARN_64_TO_32_BIT_CONVERSION = YES;
				GCC_WARN_ABOUT_RETURN_TYPE = YES_ERROR;
				GCC_WARN_UNDECLARED_SELECTOR = YES;
				GCC_WARN_UNINITIALIZED_AUTOS = YES_AGGRESSIVE;
				GCC_WARN_UNUSED_FUNCTION = YES;
				GCC_WARN_UNUSED_VARIABLE = YES;
				IPHONEOS_DEPLOYMENT_TARGET = 11.0;
				MTL_ENABLE_DEBUG_INFO = YES;
				ONLY_ACTIVE_ARCH = YES;
				SDKROOT = iphoneos;
				SWIFT_ACTIVE_COMPILATION_CONDITIONS = DEBUG;
				SWIFT_OPTIMIZATION_LEVEL = "-Onone";
			};
			name = Debug;
		};
		3C5AE1701F6CCCA1002DDC4D /* Release */ = {
			isa = XCBuildConfiguration;
			buildSettings = {
				ALWAYS_SEARCH_USER_PATHS = NO;
				CLANG_ANALYZER_NONNULL = YES;
				CLANG_ANALYZER_NUMBER_OBJECT_CONVERSION = YES_AGGRESSIVE;
				CLANG_CXX_LANGUAGE_STANDARD = "gnu++14";
				CLANG_CXX_LIBRARY = "libc++";
				CLANG_ENABLE_MODULES = YES;
				CLANG_ENABLE_OBJC_ARC = YES;
				CLANG_WARN_BLOCK_CAPTURE_AUTORELEASING = YES;
				CLANG_WARN_BOOL_CONVERSION = YES;
				CLANG_WARN_COMMA = YES;
				CLANG_WARN_CONSTANT_CONVERSION = YES;
				CLANG_WARN_DIRECT_OBJC_ISA_USAGE = YES_ERROR;
				CLANG_WARN_DOCUMENTATION_COMMENTS = YES;
				CLANG_WARN_EMPTY_BODY = YES;
				CLANG_WARN_ENUM_CONVERSION = YES;
				CLANG_WARN_INFINITE_RECURSION = YES;
				CLANG_WARN_INT_CONVERSION = YES;
				CLANG_WARN_NON_LITERAL_NULL_CONVERSION = YES;
				CLANG_WARN_OBJC_LITERAL_CONVERSION = YES;
				CLANG_WARN_OBJC_ROOT_CLASS = YES_ERROR;
				CLANG_WARN_RANGE_LOOP_ANALYSIS = YES;
				CLANG_WARN_STRICT_PROTOTYPES = YES;
				CLANG_WARN_SUSPICIOUS_MOVE = YES;
				CLANG_WARN_UNGUARDED_AVAILABILITY = YES_AGGRESSIVE;
				CLANG_WARN_UNREACHABLE_CODE = YES;
				CLANG_WARN__DUPLICATE_METHOD_MATCH = YES;
				CODE_SIGN_IDENTITY = "iPhone Developer";
				COPY_PHASE_STRIP = NO;
				DEBUG_INFORMATION_FORMAT = "dwarf-with-dsym";
				ENABLE_NS_ASSERTIONS = NO;
				ENABLE_STRICT_OBJC_MSGSEND = YES;
				GCC_C_LANGUAGE_STANDARD = gnu11;
				GCC_NO_COMMON_BLOCKS = YES;
				GCC_WARN_64_TO_32_BIT_CONVERSION = YES;
				GCC_WARN_ABOUT_RETURN_TYPE = YES_ERROR;
				GCC_WARN_UNDECLARED_SELECTOR = YES;
				GCC_WARN_UNINITIALIZED_AUTOS = YES_AGGRESSIVE;
				GCC_WARN_UNUSED_FUNCTION = YES;
				GCC_WARN_UNUSED_VARIABLE = YES;
				IPHONEOS_DEPLOYMENT_TARGET = 11.0;
				MTL_ENABLE_DEBUG_INFO = NO;
				SDKROOT = iphoneos;
				SWIFT_OPTIMIZATION_LEVEL = "-Owholemodule";
				VALIDATE_PRODUCT = YES;
			};
			name = Release;
		};
		3C5AE1721F6CCCA1002DDC4D /* Debug */ = {
			isa = XCBuildConfiguration;
			buildSettings = {
				ASSETCATALOG_COMPILER_APPICON_NAME = AppIcon;
				CODE_SIGN_STYLE = Automatic;
				DEVELOPMENT_TEAM = UXPT6T37M7;
				INFOPLIST_FILE = mapmine/Info.plist;
				LD_RUNPATH_SEARCH_PATHS = "$(inherited) @executable_path/Frameworks";
				PRODUCT_BUNDLE_IDENTIFIER = com.vastiny.mapmine.mapmine;
				PRODUCT_NAME = "$(TARGET_NAME)";
				SWIFT_VERSION = 4.0;
				TARGETED_DEVICE_FAMILY = "1,2";
			};
			name = Debug;
		};
		3C5AE1731F6CCCA1002DDC4D /* Release */ = {
			isa = XCBuildConfiguration;
			buildSettings = {
				ASSETCATALOG_COMPILER_APPICON_NAME = AppIcon;
				CODE_SIGN_STYLE = Automatic;
				DEVELOPMENT_TEAM = UXPT6T37M7;
				INFOPLIST_FILE = mapmine/Info.plist;
				LD_RUNPATH_SEARCH_PATHS = "$(inherited) @executable_path/Frameworks";
				PRODUCT_BUNDLE_IDENTIFIER = com.vastiny.mapmine.mapmine;
				PRODUCT_NAME = "$(TARGET_NAME)";
				SWIFT_VERSION = 4.0;
				TARGETED_DEVICE_FAMILY = "1,2";
			};
			name = Release;
		};
		3C71E5D21F779F570031DC76 /* Debug */ = {
			isa = XCBuildConfiguration;
			buildSettings = {
				BUNDLE_LOADER = "$(TEST_HOST)";
				CODE_SIGN_STYLE = Automatic;
				DEVELOPMENT_TEAM = UXPT6T37M7;
				INFOPLIST_FILE = mapmineTests/Info.plist;
				LD_RUNPATH_SEARCH_PATHS = "$(inherited) @executable_path/Frameworks @loader_path/Frameworks";
				PRODUCT_BUNDLE_IDENTIFIER = com.vastiny.mapmine.mapmineTests;
				PRODUCT_NAME = "$(TARGET_NAME)";
				SWIFT_VERSION = 4.0;
				TARGETED_DEVICE_FAMILY = "1,2";
				TEST_HOST = "$(BUILT_PRODUCTS_DIR)/mapmine.app/mapmine";
			};
			name = Debug;
		};
		3C71E5D31F779F570031DC76 /* Release */ = {
			isa = XCBuildConfiguration;
			buildSettings = {
				BUNDLE_LOADER = "$(TEST_HOST)";
				CODE_SIGN_STYLE = Automatic;
				DEVELOPMENT_TEAM = UXPT6T37M7;
				INFOPLIST_FILE = mapmineTests/Info.plist;
				LD_RUNPATH_SEARCH_PATHS = "$(inherited) @executable_path/Frameworks @loader_path/Frameworks";
				PRODUCT_BUNDLE_IDENTIFIER = com.vastiny.mapmine.mapmineTests;
				PRODUCT_NAME = "$(TARGET_NAME)";
				SWIFT_VERSION = 4.0;
				TARGETED_DEVICE_FAMILY = "1,2";
				TEST_HOST = "$(BUILT_PRODUCTS_DIR)/mapmine.app/mapmine";
			};
			name = Release;
		};
/* End XCBuildConfiguration section */

/* Begin XCConfigurationList section */
		3C5AE15A1F6CCCA1002DDC4D /* Build configuration list for PBXProject "mapmine" */ = {
			isa = XCConfigurationList;
			buildConfigurations = (
				3C5AE16F1F6CCCA1002DDC4D /* Debug */,
				3C5AE1701F6CCCA1002DDC4D /* Release */,
			);
			defaultConfigurationIsVisible = 0;
			defaultConfigurationName = Release;
		};
		3C5AE1711F6CCCA1002DDC4D /* Build configuration list for PBXNativeTarget "mapmine" */ = {
			isa = XCConfigurationList;
			buildConfigurations = (
				3C5AE1721F6CCCA1002DDC4D /* Debug */,
				3C5AE1731F6CCCA1002DDC4D /* Release */,
			);
			defaultConfigurationIsVisible = 0;
			defaultConfigurationName = Release;
		};
		3C71E5D41F779F570031DC76 /* Build configuration list for PBXNativeTarget "mapmineTests" */ = {
			isa = XCConfigurationList;
			buildConfigurations = (
				3C71E5D21F779F570031DC76 /* Debug */,
				3C71E5D31F779F570031DC76 /* Release */,
			);
			defaultConfigurationIsVisible = 0;
			defaultConfigurationName = Release;
		};
/* End XCConfigurationList section */
	};
	rootObject = 3C5AE1571F6CCCA1002DDC4D /* Project object */;
}
